
Microsoft Visual Studio Solution File, Format Version 12.00
# Visual Studio 14
VisualStudioVersion = 14.0.25420.1
MinimumVisualStudioVersion = 10.0.40219.1
Project("{FAE04EC0-301F-11D3-BF4B-00C04F79EFBC}") = "TwoSum", "TwoSum\TwoSum.csproj", "{BD572D92-0828-4A3F-99C2-E4EDDEE213AC}"
EndProject
Project("{FAE04EC0-301F-11D3-BF4B-00C04F79EFBC}") = "AddTwoNumbers", "AddTwoNumbers\AddTwoNumbers.csproj", "{B5F7AED7-2334-4D21-9AE7-17076BE3A9C2}"
EndProject
Project("{FAE04EC0-301F-11D3-BF4B-00C04F79EFBC}") = "LongestSubstringWithoutRepeatingCharacters", "LongestSubstringWithoutRepeatingCharacters\LongestSubstringWithoutRepeatingCharacters.csproj", "{14052157-6888-49FB-86F4-86A5071A4F1A}"
EndProject
Project("{FAE04EC0-301F-11D3-BF4B-00C04F79EFBC}") = "FindMedianSortedArrays", "FindMedianSortedArrays\FindMedianSortedArrays.csproj", "{1B9AB551-8BA9-49C0-A893-5CD82078BA29}"
EndProject
Project("{FAE04EC0-301F-11D3-BF4B-00C04F79EFBC}") = "LongestPalindromicSubstring", "LongestPalindromicSubstring\LongestPalindromicSubstring.csproj", "{2045B934-8E0E-4205-A077-819D8B676F00}"
EndProject
Project("{FAE04EC0-301F-11D3-BF4B-00C04F79EFBC}") = "ZigZagConversion", "ZigZagConversion\ZigZagConversion.csproj", "{2042A513-C370-4515-86DB-A45916A725E8}"
EndProject
Project("{FAE04EC0-301F-11D3-BF4B-00C04F79EFBC}") = "ReverseInteger", "ReverseInteger\ReverseInteger.csproj", "{C1F3AB8F-DB77-49F3-B07A-1D5476DD3DD1}"
EndProject
Project("{FAE04EC0-301F-11D3-BF4B-00C04F79EFBC}") = "StringToInteger", "StringToInteger\StringToInteger.csproj", "{11464FF3-7460-4C0C-B371-F8BBD7CB26BB}"
EndProject
Project("{FAE04EC0-301F-11D3-BF4B-00C04F79EFBC}") = "RegularExpressionMatching", "RegularExpressionMatching\RegularExpressionMatching.csproj", "{AF88296B-8816-49C9-9212-E5FC22B76427}"
EndProject
Project("{FAE04EC0-301F-11D3-BF4B-00C04F79EFBC}") = "ContainerWithMostWater", "ContainerWithMostWater\ContainerWithMostWater.csproj", "{490CBC8D-DA0C-4E03-91D3-5270442C3ECF}"
EndProject
Project("{FAE04EC0-301F-11D3-BF4B-00C04F79EFBC}") = "LargestCommonPrefix", "LargestCommonPrefix\LargestCommonPrefix.csproj", "{EB0F1423-9A09-41CA-B728-DCF8F0C0D9AC}"
EndProject
Project("{FAE04EC0-301F-11D3-BF4B-00C04F79EFBC}") = "3Sum", "3Sum\3Sum.csproj", "{FC750AD3-B0D4-4988-B46E-3C4FA96DC13D}"
EndProject
Project("{FAE04EC0-301F-11D3-BF4B-00C04F79EFBC}") = "4Sum", "4Sum\4Sum.csproj", "{16C3A896-8E1D-4FDD-809D-82A69E816663}"
EndProject
Project("{FAE04EC0-301F-11D3-BF4B-00C04F79EFBC}") = "RemoveNthNodeFromEndOfLIst", "RemoveNthNodeFromEndOfLIst\RemoveNthNodeFromEndOfLIst.csproj", "{89AE9C8F-F9B8-4E0A-A119-220B3566658F}"
EndProject
Project("{FAE04EC0-301F-11D3-BF4B-00C04F79EFBC}") = "ValidParenthesis", "ValidParenthesis\ValidParenthesis.csproj", "{531071B3-3872-4DAC-8007-6FB09C9A7854}"
EndProject
Project("{FAE04EC0-301F-11D3-BF4B-00C04F79EFBC}") = "MergeTwoSortedLists", "MergeTwoSortedLists\MergeTwoSortedLists.csproj", "{F4216947-2DCA-4740-B192-9AE663DF59C9}"
EndProject
Project("{FAE04EC0-301F-11D3-BF4B-00C04F79EFBC}") = "MergeKSortedLists", "MergeKSortedLists\MergeKSortedLists.csproj", "{D1830190-7C2D-450A-9541-D449E9BF0BBF}"
EndProject
Project("{FAE04EC0-301F-11D3-BF4B-00C04F79EFBC}") = "RemoveDuplicatesFromSortedArray", "RemoveDuplicatesFromSortedArray\RemoveDuplicatesFromSortedArray.csproj", "{7501B952-29EB-49F6-87F3-292CC9DCD861}"
EndProject
Project("{FAE04EC0-301F-11D3-BF4B-00C04F79EFBC}") = "ReverseNodesInKGroups", "ReverseNodesInKGroups\ReverseNodesInKGroups.csproj", "{B0312A78-9628-4AC6-893C-E561DE17E467}"
EndProject
Project("{FAE04EC0-301F-11D3-BF4B-00C04F79EFBC}") = "Helpers", "Helpers\Helpers.csproj", "{C43033C3-B6F6-42E4-86EA-69667EC10718}"
EndProject
Project("{FAE04EC0-301F-11D3-BF4B-00C04F79EFBC}") = "GenerateParenthesis", "GenerateParenthesis\GenerateParenthesis.csproj", "{E4D19E6E-1DBB-43F8-B9AF-88B282EEE0D7}"
EndProject
Project("{FAE04EC0-301F-11D3-BF4B-00C04F79EFBC}") = "TrappingRainWater", "TrappingRainWater\TrappingRainWater.csproj", "{3FBA778B-92B3-40B1-A619-86A44488437B}"
EndProject
Project("{FAE04EC0-301F-11D3-BF4B-00C04F79EFBC}") = "NextPermutation", "NextPermutation\NextPermutation.csproj", "{53106E2C-B5E3-45CC-AD7E-1796A4861A85}"
EndProject
Project("{FAE04EC0-301F-11D3-BF4B-00C04F79EFBC}") = "Permutation", "Permutation\Permutation.csproj", "{05CC875A-9DA2-4EC5-97C3-67FB8B73EC7F}"
EndProject
Project("{FAE04EC0-301F-11D3-BF4B-00C04F79EFBC}") = "Permutations II", "Permutations II\Permutations II.csproj", "{B81CAE85-04B6-4FC9-81F6-A907DDC54847}"
EndProject
Project("{FAE04EC0-301F-11D3-BF4B-00C04F79EFBC}") = "KmpImplementation", "KmpImplementation\KmpImplementation.csproj", "{9C8DD4D5-589C-4F29-AC33-E5974C8BFB57}"
EndProject
Project("{FAE04EC0-301F-11D3-BF4B-00C04F79EFBC}") = "FirstMissingPositive", "FirstMissingPositive\FirstMissingPositive.csproj", "{9AC507CA-703B-448A-85CA-493693A3CB42}"
EndProject
Project("{FAE04EC0-301F-11D3-BF4B-00C04F79EFBC}") = "SearchInRotatedSortedArray", "SearchInRotatedSortedArray\SearchInRotatedSortedArray.csproj", "{5EE0100E-B3C6-4987-85BF-06E57DA523FC}"
EndProject
Project("{FAE04EC0-301F-11D3-BF4B-00C04F79EFBC}") = "SearchInRotatedSortedArrayWithDuplicates", "SearchInRotatedSortedArrayWithDuplicates\SearchInRotatedSortedArrayWithDuplicates.csproj", "{2FEC075C-8BCE-458B-9C56-FF5CFD412377}"
EndProject
Project("{FAE04EC0-301F-11D3-BF4B-00C04F79EFBC}") = "LongestValidParenthesis", "LongestValidParenthesis\LongestValidParenthesis.csproj", "{F087AEAB-1816-41FC-B65E-6DC4059F90EB}"
EndProject
Project("{FAE04EC0-301F-11D3-BF4B-00C04F79EFBC}") = "SearchInsertPosition", "SearchInsertPosition\SearchInsertPosition.csproj", "{599E0363-5BB9-4928-9B16-A390EA2363D9}"
EndProject
Project("{FAE04EC0-301F-11D3-BF4B-00C04F79EFBC}") = "CountAndSay", "CountAndSay\CountAndSay.csproj", "{C7ACCCC4-91DF-4D16-999C-DC337292A3A8}"
EndProject
Project("{FAE04EC0-301F-11D3-BF4B-00C04F79EFBC}") = "LetterCombinations", "LetterCombinations\LetterCombinations.csproj", "{8759E3D4-8A60-42F2-A266-D83844C9010B}"
EndProject
Project("{FAE04EC0-301F-11D3-BF4B-00C04F79EFBC}") = "SearchForRange", "SearchForRange\SearchForRange.csproj", "{9CEDA7AE-3287-492A-8239-192287572539}"
EndProject
Project("{FAE04EC0-301F-11D3-BF4B-00C04F79EFBC}") = "BinaryTreeInorderTraversal", "BinaryTreeInorderTraversal\BinaryTreeInorderTraversal.csproj", "{89C7E0EA-29C5-45BA-B9EF-89B175696336}"
EndProject
Project("{FAE04EC0-301F-11D3-BF4B-00C04F79EFBC}") = "RotateImage", "RotateImage\RotateImage.csproj", "{AFB6124D-FD78-4B76-A806-67CBD9D70E55}"
EndProject
Project("{FAE04EC0-301F-11D3-BF4B-00C04F79EFBC}") = "WildcardMatching", "WildcardMatching\WildcardMatching.csproj", "{F6AD0092-CFD2-46B1-A7F6-16B10AE4C725}"
EndProject
Project("{FAE04EC0-301F-11D3-BF4B-00C04F79EFBC}") = "MaximumSumSubArray", "MaximumSumSubArray\MaximumSumSubArray.csproj", "{50DEE414-3B46-428B-83EE-94B4CA377190}"
EndProject
Project("{FAE04EC0-301F-11D3-BF4B-00C04F79EFBC}") = "LengthOfLastWrod", "LengthOfLastWrod\LengthOfLastWrod.csproj", "{5F26DAB1-8A15-47E2-A28E-5E2E05315CD2}"
EndProject
Project("{FAE04EC0-301F-11D3-BF4B-00C04F79EFBC}") = "NQueens", "NQueens\NQueens.csproj", "{2B12ABD5-4CEC-425B-BAFB-7BFCB138196C}"
EndProject
Project("{FAE04EC0-301F-11D3-BF4B-00C04F79EFBC}") = "NQueens2", "NQueens2\NQueens2.csproj", "{625446C2-8AB2-4522-949E-D081FBCC43EC}"
EndProject
Project("{2150E333-8FDC-42A3-9474-1A3956D46DE8}") = "Weekly Contest", "Weekly Contest", "{582D1C90-0D47-4A54-A22D-7E91296F6AF3}"
EndProject
Project("{FAE04EC0-301F-11D3-BF4B-00C04F79EFBC}") = "LargestNumberGreaterThanTwiceOthers", "WeeklyContest\LargestNumberGreaterThanTwiceOthers\LargestNumberGreaterThanTwiceOthers.csproj", "{5675FE51-B76D-483C-B562-D767E000C1E3}"
EndProject
Project("{FAE04EC0-301F-11D3-BF4B-00C04F79EFBC}") = "IpToCIDR", "WeeklyContest\IpToCIDR\IpToCIDR.csproj", "{D357C151-320C-4AB6-91A2-75A0CA6A9095}"
EndProject
Global
	GlobalSection(SolutionConfigurationPlatforms) = preSolution
		Debug|Any CPU = Debug|Any CPU
		Release|Any CPU = Release|Any CPU
	EndGlobalSection
	GlobalSection(ProjectConfigurationPlatforms) = postSolution
		{BD572D92-0828-4A3F-99C2-E4EDDEE213AC}.Debug|Any CPU.ActiveCfg = Debug|Any CPU
		{BD572D92-0828-4A3F-99C2-E4EDDEE213AC}.Debug|Any CPU.Build.0 = Debug|Any CPU
		{BD572D92-0828-4A3F-99C2-E4EDDEE213AC}.Release|Any CPU.ActiveCfg = Release|Any CPU
		{BD572D92-0828-4A3F-99C2-E4EDDEE213AC}.Release|Any CPU.Build.0 = Release|Any CPU
		{B5F7AED7-2334-4D21-9AE7-17076BE3A9C2}.Debug|Any CPU.ActiveCfg = Debug|Any CPU
		{B5F7AED7-2334-4D21-9AE7-17076BE3A9C2}.Debug|Any CPU.Build.0 = Debug|Any CPU
		{B5F7AED7-2334-4D21-9AE7-17076BE3A9C2}.Release|Any CPU.ActiveCfg = Release|Any CPU
		{B5F7AED7-2334-4D21-9AE7-17076BE3A9C2}.Release|Any CPU.Build.0 = Release|Any CPU
		{14052157-6888-49FB-86F4-86A5071A4F1A}.Debug|Any CPU.ActiveCfg = Debug|Any CPU
		{14052157-6888-49FB-86F4-86A5071A4F1A}.Debug|Any CPU.Build.0 = Debug|Any CPU
		{14052157-6888-49FB-86F4-86A5071A4F1A}.Release|Any CPU.ActiveCfg = Release|Any CPU
		{14052157-6888-49FB-86F4-86A5071A4F1A}.Release|Any CPU.Build.0 = Release|Any CPU
		{1B9AB551-8BA9-49C0-A893-5CD82078BA29}.Debug|Any CPU.ActiveCfg = Debug|Any CPU
		{1B9AB551-8BA9-49C0-A893-5CD82078BA29}.Debug|Any CPU.Build.0 = Debug|Any CPU
		{1B9AB551-8BA9-49C0-A893-5CD82078BA29}.Release|Any CPU.ActiveCfg = Release|Any CPU
		{1B9AB551-8BA9-49C0-A893-5CD82078BA29}.Release|Any CPU.Build.0 = Release|Any CPU
		{2045B934-8E0E-4205-A077-819D8B676F00}.Debug|Any CPU.ActiveCfg = Debug|Any CPU
		{2045B934-8E0E-4205-A077-819D8B676F00}.Debug|Any CPU.Build.0 = Debug|Any CPU
		{2045B934-8E0E-4205-A077-819D8B676F00}.Release|Any CPU.ActiveCfg = Release|Any CPU
		{2045B934-8E0E-4205-A077-819D8B676F00}.Release|Any CPU.Build.0 = Release|Any CPU
		{2042A513-C370-4515-86DB-A45916A725E8}.Debug|Any CPU.ActiveCfg = Debug|Any CPU
		{2042A513-C370-4515-86DB-A45916A725E8}.Debug|Any CPU.Build.0 = Debug|Any CPU
		{2042A513-C370-4515-86DB-A45916A725E8}.Release|Any CPU.ActiveCfg = Release|Any CPU
		{2042A513-C370-4515-86DB-A45916A725E8}.Release|Any CPU.Build.0 = Release|Any CPU
		{C1F3AB8F-DB77-49F3-B07A-1D5476DD3DD1}.Debug|Any CPU.ActiveCfg = Debug|Any CPU
		{C1F3AB8F-DB77-49F3-B07A-1D5476DD3DD1}.Debug|Any CPU.Build.0 = Debug|Any CPU
		{C1F3AB8F-DB77-49F3-B07A-1D5476DD3DD1}.Release|Any CPU.ActiveCfg = Release|Any CPU
		{C1F3AB8F-DB77-49F3-B07A-1D5476DD3DD1}.Release|Any CPU.Build.0 = Release|Any CPU
		{11464FF3-7460-4C0C-B371-F8BBD7CB26BB}.Debug|Any CPU.ActiveCfg = Debug|Any CPU
		{11464FF3-7460-4C0C-B371-F8BBD7CB26BB}.Debug|Any CPU.Build.0 = Debug|Any CPU
		{11464FF3-7460-4C0C-B371-F8BBD7CB26BB}.Release|Any CPU.ActiveCfg = Release|Any CPU
		{11464FF3-7460-4C0C-B371-F8BBD7CB26BB}.Release|Any CPU.Build.0 = Release|Any CPU
		{AF88296B-8816-49C9-9212-E5FC22B76427}.Debug|Any CPU.ActiveCfg = Debug|Any CPU
		{AF88296B-8816-49C9-9212-E5FC22B76427}.Debug|Any CPU.Build.0 = Debug|Any CPU
		{AF88296B-8816-49C9-9212-E5FC22B76427}.Release|Any CPU.ActiveCfg = Release|Any CPU
		{AF88296B-8816-49C9-9212-E5FC22B76427}.Release|Any CPU.Build.0 = Release|Any CPU
		{490CBC8D-DA0C-4E03-91D3-5270442C3ECF}.Debug|Any CPU.ActiveCfg = Debug|Any CPU
		{490CBC8D-DA0C-4E03-91D3-5270442C3ECF}.Debug|Any CPU.Build.0 = Debug|Any CPU
		{490CBC8D-DA0C-4E03-91D3-5270442C3ECF}.Release|Any CPU.ActiveCfg = Release|Any CPU
		{490CBC8D-DA0C-4E03-91D3-5270442C3ECF}.Release|Any CPU.Build.0 = Release|Any CPU
		{EB0F1423-9A09-41CA-B728-DCF8F0C0D9AC}.Debug|Any CPU.ActiveCfg = Debug|Any CPU
		{EB0F1423-9A09-41CA-B728-DCF8F0C0D9AC}.Debug|Any CPU.Build.0 = Debug|Any CPU
		{EB0F1423-9A09-41CA-B728-DCF8F0C0D9AC}.Release|Any CPU.ActiveCfg = Release|Any CPU
		{EB0F1423-9A09-41CA-B728-DCF8F0C0D9AC}.Release|Any CPU.Build.0 = Release|Any CPU
		{FC750AD3-B0D4-4988-B46E-3C4FA96DC13D}.Debug|Any CPU.ActiveCfg = Debug|Any CPU
		{FC750AD3-B0D4-4988-B46E-3C4FA96DC13D}.Debug|Any CPU.Build.0 = Debug|Any CPU
		{FC750AD3-B0D4-4988-B46E-3C4FA96DC13D}.Release|Any CPU.ActiveCfg = Release|Any CPU
		{FC750AD3-B0D4-4988-B46E-3C4FA96DC13D}.Release|Any CPU.Build.0 = Release|Any CPU
		{16C3A896-8E1D-4FDD-809D-82A69E816663}.Debug|Any CPU.ActiveCfg = Debug|Any CPU
		{16C3A896-8E1D-4FDD-809D-82A69E816663}.Debug|Any CPU.Build.0 = Debug|Any CPU
		{16C3A896-8E1D-4FDD-809D-82A69E816663}.Release|Any CPU.ActiveCfg = Release|Any CPU
		{16C3A896-8E1D-4FDD-809D-82A69E816663}.Release|Any CPU.Build.0 = Release|Any CPU
		{89AE9C8F-F9B8-4E0A-A119-220B3566658F}.Debug|Any CPU.ActiveCfg = Debug|Any CPU
		{89AE9C8F-F9B8-4E0A-A119-220B3566658F}.Debug|Any CPU.Build.0 = Debug|Any CPU
		{89AE9C8F-F9B8-4E0A-A119-220B3566658F}.Release|Any CPU.ActiveCfg = Release|Any CPU
		{89AE9C8F-F9B8-4E0A-A119-220B3566658F}.Release|Any CPU.Build.0 = Release|Any CPU
		{531071B3-3872-4DAC-8007-6FB09C9A7854}.Debug|Any CPU.ActiveCfg = Debug|Any CPU
		{531071B3-3872-4DAC-8007-6FB09C9A7854}.Debug|Any CPU.Build.0 = Debug|Any CPU
		{531071B3-3872-4DAC-8007-6FB09C9A7854}.Release|Any CPU.ActiveCfg = Release|Any CPU
		{531071B3-3872-4DAC-8007-6FB09C9A7854}.Release|Any CPU.Build.0 = Release|Any CPU
		{F4216947-2DCA-4740-B192-9AE663DF59C9}.Debug|Any CPU.ActiveCfg = Debug|Any CPU
		{F4216947-2DCA-4740-B192-9AE663DF59C9}.Debug|Any CPU.Build.0 = Debug|Any CPU
		{F4216947-2DCA-4740-B192-9AE663DF59C9}.Release|Any CPU.ActiveCfg = Release|Any CPU
		{F4216947-2DCA-4740-B192-9AE663DF59C9}.Release|Any CPU.Build.0 = Release|Any CPU
		{D1830190-7C2D-450A-9541-D449E9BF0BBF}.Debug|Any CPU.ActiveCfg = Debug|Any CPU
		{D1830190-7C2D-450A-9541-D449E9BF0BBF}.Debug|Any CPU.Build.0 = Debug|Any CPU
		{D1830190-7C2D-450A-9541-D449E9BF0BBF}.Release|Any CPU.ActiveCfg = Release|Any CPU
		{D1830190-7C2D-450A-9541-D449E9BF0BBF}.Release|Any CPU.Build.0 = Release|Any CPU
		{7501B952-29EB-49F6-87F3-292CC9DCD861}.Debug|Any CPU.ActiveCfg = Debug|Any CPU
		{7501B952-29EB-49F6-87F3-292CC9DCD861}.Debug|Any CPU.Build.0 = Debug|Any CPU
		{7501B952-29EB-49F6-87F3-292CC9DCD861}.Release|Any CPU.ActiveCfg = Release|Any CPU
		{7501B952-29EB-49F6-87F3-292CC9DCD861}.Release|Any CPU.Build.0 = Release|Any CPU
		{B0312A78-9628-4AC6-893C-E561DE17E467}.Debug|Any CPU.ActiveCfg = Debug|Any CPU
		{B0312A78-9628-4AC6-893C-E561DE17E467}.Debug|Any CPU.Build.0 = Debug|Any CPU
		{B0312A78-9628-4AC6-893C-E561DE17E467}.Release|Any CPU.ActiveCfg = Release|Any CPU
		{B0312A78-9628-4AC6-893C-E561DE17E467}.Release|Any CPU.Build.0 = Release|Any CPU
		{C43033C3-B6F6-42E4-86EA-69667EC10718}.Debug|Any CPU.ActiveCfg = Debug|Any CPU
		{C43033C3-B6F6-42E4-86EA-69667EC10718}.Debug|Any CPU.Build.0 = Debug|Any CPU
		{C43033C3-B6F6-42E4-86EA-69667EC10718}.Release|Any CPU.ActiveCfg = Release|Any CPU
		{C43033C3-B6F6-42E4-86EA-69667EC10718}.Release|Any CPU.Build.0 = Release|Any CPU
		{E4D19E6E-1DBB-43F8-B9AF-88B282EEE0D7}.Debug|Any CPU.ActiveCfg = Debug|Any CPU
		{E4D19E6E-1DBB-43F8-B9AF-88B282EEE0D7}.Debug|Any CPU.Build.0 = Debug|Any CPU
		{E4D19E6E-1DBB-43F8-B9AF-88B282EEE0D7}.Release|Any CPU.ActiveCfg = Release|Any CPU
		{E4D19E6E-1DBB-43F8-B9AF-88B282EEE0D7}.Release|Any CPU.Build.0 = Release|Any CPU
		{3FBA778B-92B3-40B1-A619-86A44488437B}.Debug|Any CPU.ActiveCfg = Debug|Any CPU
		{3FBA778B-92B3-40B1-A619-86A44488437B}.Debug|Any CPU.Build.0 = Debug|Any CPU
		{3FBA778B-92B3-40B1-A619-86A44488437B}.Release|Any CPU.ActiveCfg = Release|Any CPU
		{3FBA778B-92B3-40B1-A619-86A44488437B}.Release|Any CPU.Build.0 = Release|Any CPU
		{53106E2C-B5E3-45CC-AD7E-1796A4861A85}.Debug|Any CPU.ActiveCfg = Debug|Any CPU
		{53106E2C-B5E3-45CC-AD7E-1796A4861A85}.Debug|Any CPU.Build.0 = Debug|Any CPU
		{53106E2C-B5E3-45CC-AD7E-1796A4861A85}.Release|Any CPU.ActiveCfg = Release|Any CPU
		{53106E2C-B5E3-45CC-AD7E-1796A4861A85}.Release|Any CPU.Build.0 = Release|Any CPU
		{05CC875A-9DA2-4EC5-97C3-67FB8B73EC7F}.Debug|Any CPU.ActiveCfg = Debug|Any CPU
		{05CC875A-9DA2-4EC5-97C3-67FB8B73EC7F}.Debug|Any CPU.Build.0 = Debug|Any CPU
		{05CC875A-9DA2-4EC5-97C3-67FB8B73EC7F}.Release|Any CPU.ActiveCfg = Release|Any CPU
		{05CC875A-9DA2-4EC5-97C3-67FB8B73EC7F}.Release|Any CPU.Build.0 = Release|Any CPU
		{B81CAE85-04B6-4FC9-81F6-A907DDC54847}.Debug|Any CPU.ActiveCfg = Debug|Any CPU
		{B81CAE85-04B6-4FC9-81F6-A907DDC54847}.Debug|Any CPU.Build.0 = Debug|Any CPU
		{B81CAE85-04B6-4FC9-81F6-A907DDC54847}.Release|Any CPU.ActiveCfg = Release|Any CPU
		{B81CAE85-04B6-4FC9-81F6-A907DDC54847}.Release|Any CPU.Build.0 = Release|Any CPU
		{9C8DD4D5-589C-4F29-AC33-E5974C8BFB57}.Debug|Any CPU.ActiveCfg = Debug|Any CPU
		{9C8DD4D5-589C-4F29-AC33-E5974C8BFB57}.Debug|Any CPU.Build.0 = Debug|Any CPU
		{9C8DD4D5-589C-4F29-AC33-E5974C8BFB57}.Release|Any CPU.ActiveCfg = Release|Any CPU
		{9C8DD4D5-589C-4F29-AC33-E5974C8BFB57}.Release|Any CPU.Build.0 = Release|Any CPU
		{9AC507CA-703B-448A-85CA-493693A3CB42}.Debug|Any CPU.ActiveCfg = Debug|Any CPU
		{9AC507CA-703B-448A-85CA-493693A3CB42}.Debug|Any CPU.Build.0 = Debug|Any CPU
		{9AC507CA-703B-448A-85CA-493693A3CB42}.Release|Any CPU.ActiveCfg = Release|Any CPU
		{9AC507CA-703B-448A-85CA-493693A3CB42}.Release|Any CPU.Build.0 = Release|Any CPU
		{5EE0100E-B3C6-4987-85BF-06E57DA523FC}.Debug|Any CPU.ActiveCfg = Debug|Any CPU
		{5EE0100E-B3C6-4987-85BF-06E57DA523FC}.Debug|Any CPU.Build.0 = Debug|Any CPU
		{5EE0100E-B3C6-4987-85BF-06E57DA523FC}.Release|Any CPU.ActiveCfg = Release|Any CPU
		{5EE0100E-B3C6-4987-85BF-06E57DA523FC}.Release|Any CPU.Build.0 = Release|Any CPU
		{2FEC075C-8BCE-458B-9C56-FF5CFD412377}.Debug|Any CPU.ActiveCfg = Debug|Any CPU
		{2FEC075C-8BCE-458B-9C56-FF5CFD412377}.Debug|Any CPU.Build.0 = Debug|Any CPU
		{2FEC075C-8BCE-458B-9C56-FF5CFD412377}.Release|Any CPU.ActiveCfg = Release|Any CPU
		{2FEC075C-8BCE-458B-9C56-FF5CFD412377}.Release|Any CPU.Build.0 = Release|Any CPU
		{F087AEAB-1816-41FC-B65E-6DC4059F90EB}.Debug|Any CPU.ActiveCfg = Debug|Any CPU
		{F087AEAB-1816-41FC-B65E-6DC4059F90EB}.Debug|Any CPU.Build.0 = Debug|Any CPU
		{F087AEAB-1816-41FC-B65E-6DC4059F90EB}.Release|Any CPU.ActiveCfg = Release|Any CPU
		{F087AEAB-1816-41FC-B65E-6DC4059F90EB}.Release|Any CPU.Build.0 = Release|Any CPU
		{599E0363-5BB9-4928-9B16-A390EA2363D9}.Debug|Any CPU.ActiveCfg = Debug|Any CPU
		{599E0363-5BB9-4928-9B16-A390EA2363D9}.Debug|Any CPU.Build.0 = Debug|Any CPU
		{599E0363-5BB9-4928-9B16-A390EA2363D9}.Release|Any CPU.ActiveCfg = Release|Any CPU
		{599E0363-5BB9-4928-9B16-A390EA2363D9}.Release|Any CPU.Build.0 = Release|Any CPU
		{C7ACCCC4-91DF-4D16-999C-DC337292A3A8}.Debug|Any CPU.ActiveCfg = Debug|Any CPU
		{C7ACCCC4-91DF-4D16-999C-DC337292A3A8}.Debug|Any CPU.Build.0 = Debug|Any CPU
		{C7ACCCC4-91DF-4D16-999C-DC337292A3A8}.Release|Any CPU.ActiveCfg = Release|Any CPU
		{C7ACCCC4-91DF-4D16-999C-DC337292A3A8}.Release|Any CPU.Build.0 = Release|Any CPU
		{8759E3D4-8A60-42F2-A266-D83844C9010B}.Debug|Any CPU.ActiveCfg = Debug|Any CPU
		{8759E3D4-8A60-42F2-A266-D83844C9010B}.Debug|Any CPU.Build.0 = Debug|Any CPU
		{8759E3D4-8A60-42F2-A266-D83844C9010B}.Release|Any CPU.ActiveCfg = Release|Any CPU
		{8759E3D4-8A60-42F2-A266-D83844C9010B}.Release|Any CPU.Build.0 = Release|Any CPU
		{9CEDA7AE-3287-492A-8239-192287572539}.Debug|Any CPU.ActiveCfg = Debug|Any CPU
		{9CEDA7AE-3287-492A-8239-192287572539}.Debug|Any CPU.Build.0 = Debug|Any CPU
		{9CEDA7AE-3287-492A-8239-192287572539}.Release|Any CPU.ActiveCfg = Release|Any CPU
		{9CEDA7AE-3287-492A-8239-192287572539}.Release|Any CPU.Build.0 = Release|Any CPU
		{89C7E0EA-29C5-45BA-B9EF-89B175696336}.Debug|Any CPU.ActiveCfg = Debug|Any CPU
		{89C7E0EA-29C5-45BA-B9EF-89B175696336}.Debug|Any CPU.Build.0 = Debug|Any CPU
		{89C7E0EA-29C5-45BA-B9EF-89B175696336}.Release|Any CPU.ActiveCfg = Release|Any CPU
		{89C7E0EA-29C5-45BA-B9EF-89B175696336}.Release|Any CPU.Build.0 = Release|Any CPU
		{AFB6124D-FD78-4B76-A806-67CBD9D70E55}.Debug|Any CPU.ActiveCfg = Debug|Any CPU
		{AFB6124D-FD78-4B76-A806-67CBD9D70E55}.Debug|Any CPU.Build.0 = Debug|Any CPU
		{AFB6124D-FD78-4B76-A806-67CBD9D70E55}.Release|Any CPU.ActiveCfg = Release|Any CPU
		{AFB6124D-FD78-4B76-A806-67CBD9D70E55}.Release|Any CPU.Build.0 = Release|Any CPU
		{F6AD0092-CFD2-46B1-A7F6-16B10AE4C725}.Debug|Any CPU.ActiveCfg = Debug|Any CPU
		{F6AD0092-CFD2-46B1-A7F6-16B10AE4C725}.Debug|Any CPU.Build.0 = Debug|Any CPU
		{F6AD0092-CFD2-46B1-A7F6-16B10AE4C725}.Release|Any CPU.ActiveCfg = Release|Any CPU
		{F6AD0092-CFD2-46B1-A7F6-16B10AE4C725}.Release|Any CPU.Build.0 = Release|Any CPU
		{50DEE414-3B46-428B-83EE-94B4CA377190}.Debug|Any CPU.ActiveCfg = Debug|Any CPU
		{50DEE414-3B46-428B-83EE-94B4CA377190}.Debug|Any CPU.Build.0 = Debug|Any CPU
		{50DEE414-3B46-428B-83EE-94B4CA377190}.Release|Any CPU.ActiveCfg = Release|Any CPU
		{50DEE414-3B46-428B-83EE-94B4CA377190}.Release|Any CPU.Build.0 = Release|Any CPU
		{5F26DAB1-8A15-47E2-A28E-5E2E05315CD2}.Debug|Any CPU.ActiveCfg = Debug|Any CPU
		{5F26DAB1-8A15-47E2-A28E-5E2E05315CD2}.Debug|Any CPU.Build.0 = Debug|Any CPU
		{5F26DAB1-8A15-47E2-A28E-5E2E05315CD2}.Release|Any CPU.ActiveCfg = Release|Any CPU
		{5F26DAB1-8A15-47E2-A28E-5E2E05315CD2}.Release|Any CPU.Build.0 = Release|Any CPU
		{2B12ABD5-4CEC-425B-BAFB-7BFCB138196C}.Debug|Any CPU.ActiveCfg = Debug|Any CPU
		{2B12ABD5-4CEC-425B-BAFB-7BFCB138196C}.Debug|Any CPU.Build.0 = Debug|Any CPU
		{2B12ABD5-4CEC-425B-BAFB-7BFCB138196C}.Release|Any CPU.ActiveCfg = Release|Any CPU
		{2B12ABD5-4CEC-425B-BAFB-7BFCB138196C}.Release|Any CPU.Build.0 = Release|Any CPU
		{625446C2-8AB2-4522-949E-D081FBCC43EC}.Debug|Any CPU.ActiveCfg = Debug|Any CPU
		{625446C2-8AB2-4522-949E-D081FBCC43EC}.Debug|Any CPU.Build.0 = Debug|Any CPU
		{625446C2-8AB2-4522-949E-D081FBCC43EC}.Release|Any CPU.ActiveCfg = Release|Any CPU
		{625446C2-8AB2-4522-949E-D081FBCC43EC}.Release|Any CPU.Build.0 = Release|Any CPU
		{5675FE51-B76D-483C-B562-D767E000C1E3}.Debug|Any CPU.ActiveCfg = Debug|Any CPU
		{5675FE51-B76D-483C-B562-D767E000C1E3}.Debug|Any CPU.Build.0 = Debug|Any CPU
		{5675FE51-B76D-483C-B562-D767E000C1E3}.Release|Any CPU.ActiveCfg = Release|Any CPU
		{5675FE51-B76D-483C-B562-D767E000C1E3}.Release|Any CPU.Build.0 = Release|Any CPU
		{D357C151-320C-4AB6-91A2-75A0CA6A9095}.Debug|Any CPU.ActiveCfg = Debug|Any CPU
		{D357C151-320C-4AB6-91A2-75A0CA6A9095}.Debug|Any CPU.Build.0 = Debug|Any CPU
		{D357C151-320C-4AB6-91A2-75A0CA6A9095}.Release|Any CPU.ActiveCfg = Release|Any CPU
		{D357C151-320C-4AB6-91A2-75A0CA6A9095}.Release|Any CPU.Build.0 = Release|Any CPU
	EndGlobalSection
	GlobalSection(SolutionProperties) = preSolution
		HideSolutionNode = FALSE
	EndGlobalSection
	GlobalSection(NestedProjects) = preSolution
		{5675FE51-B76D-483C-B562-D767E000C1E3} = {582D1C90-0D47-4A54-A22D-7E91296F6AF3}
		{D357C151-320C-4AB6-91A2-75A0CA6A9095} = {582D1C90-0D47-4A54-A22D-7E91296F6AF3}
	EndGlobalSection
EndGlobal
